
Microsoft Visual Studio Solution File, Format Version 12.00
# Visual Studio Version 17
VisualStudioVersion = 17.11.35208.52
MinimumVisualStudioVersion = 10.0.40219.1
Project("{9A19103F-16F7-4668-BE54-9A1E7A4F7556}") = "WebShopApp", "WebShopApp\WebShopApp.csproj", "{7DF6507C-5098-459B-9E72-9E3D3C50D34C}"
EndProject
Project("{9A19103F-16F7-4668-BE54-9A1E7A4F7556}") = "WebShopApp.DataAccess", "WebShopApp.DataAccess\WebShopApp.DataAccess.csproj", "{C4E5A1EA-AF5F-465D-A8BA-79455AED5B38}"
EndProject
Project("{9A19103F-16F7-4668-BE54-9A1E7A4F7556}") = "WebShopApp.Domain", "WebShopApp.Domain\WebShopApp.Domain.csproj", "{5BDFAAE1-2F31-4EA5-845C-36CD9154449B}"
EndProject
Project("{9A19103F-16F7-4668-BE54-9A1E7A4F7556}") = "WebShopApp.Helpers", "WebShopApp.Helpers\WebShopApp.Helpers.csproj", "{19817E04-392E-4722-8381-8FB9DFE5779A}"
EndProject
Project("{9A19103F-16F7-4668-BE54-9A1E7A4F7556}") = "WebShopApp.Services", "WebShopApp.Services\WebShopApp.Services.csproj", "{9D99E048-503C-4ADC-A1EE-975F8A75C1E5}"
EndProject
Project("{9A19103F-16F7-4668-BE54-9A1E7A4F7556}") = "WebShopApp.DTOs", "WebShopApp.DTOs\WebShopApp.DTOs.csproj", "{3F9FD0D2-6B00-441A-A0CD-46B28D58563D}"
EndProject
Project("{9A19103F-16F7-4668-BE54-9A1E7A4F7556}") = "WebShopApp.Mappers", "WebShopApp.Mappers\WebShopApp.Mappers.csproj", "{6966C904-DC43-487A-956E-0A3A0D29F783}"
EndProject
Project("{9A19103F-16F7-4668-BE54-9A1E7A4F7556}") = "WebShopApp.Shared", "WebShopApp.Shared\WebShopApp.Shared.csproj", "{31A27501-87A9-45FA-9C94-08E7A68FF26E}"
EndProject
Global
	GlobalSection(SolutionConfigurationPlatforms) = preSolution
		Debug|Any CPU = Debug|Any CPU
		Release|Any CPU = Release|Any CPU
	EndGlobalSection
	GlobalSection(ProjectConfigurationPlatforms) = postSolution
		{7DF6507C-5098-459B-9E72-9E3D3C50D34C}.Debug|Any CPU.ActiveCfg = Debug|Any CPU
		{7DF6507C-5098-459B-9E72-9E3D3C50D34C}.Debug|Any CPU.Build.0 = Debug|Any CPU
		{7DF6507C-5098-459B-9E72-9E3D3C50D34C}.Release|Any CPU.ActiveCfg = Release|Any CPU
		{7DF6507C-5098-459B-9E72-9E3D3C50D34C}.Release|Any CPU.Build.0 = Release|Any CPU
		{C4E5A1EA-AF5F-465D-A8BA-79455AED5B38}.Debug|Any CPU.ActiveCfg = Debug|Any CPU
		{C4E5A1EA-AF5F-465D-A8BA-79455AED5B38}.Debug|Any CPU.Build.0 = Debug|Any CPU
		{C4E5A1EA-AF5F-465D-A8BA-79455AED5B38}.Release|Any CPU.ActiveCfg = Release|Any CPU
		{C4E5A1EA-AF5F-465D-A8BA-79455AED5B38}.Release|Any CPU.Build.0 = Release|Any CPU
		{5BDFAAE1-2F31-4EA5-845C-36CD9154449B}.Debug|Any CPU.ActiveCfg = Debug|Any CPU
		{5BDFAAE1-2F31-4EA5-845C-36CD9154449B}.Debug|Any CPU.Build.0 = Debug|Any CPU
		{5BDFAAE1-2F31-4EA5-845C-36CD9154449B}.Release|Any CPU.ActiveCfg = Release|Any CPU
		{5BDFAAE1-2F31-4EA5-845C-36CD9154449B}.Release|Any CPU.Build.0 = Release|Any CPU
		{19817E04-392E-4722-8381-8FB9DFE5779A}.Debug|Any CPU.ActiveCfg = Debug|Any CPU
		{19817E04-392E-4722-8381-8FB9DFE5779A}.Debug|Any CPU.Build.0 = Debug|Any CPU
		{19817E04-392E-4722-8381-8FB9DFE5779A}.Release|Any CPU.ActiveCfg = Release|Any CPU
		{19817E04-392E-4722-8381-8FB9DFE5779A}.Release|Any CPU.Build.0 = Release|Any CPU
		{9D99E048-503C-4ADC-A1EE-975F8A75C1E5}.Debug|Any CPU.ActiveCfg = Debug|Any CPU
		{9D99E048-503C-4ADC-A1EE-975F8A75C1E5}.Debug|Any CPU.Build.0 = Debug|Any CPU
		{9D99E048-503C-4ADC-A1EE-975F8A75C1E5}.Release|Any CPU.ActiveCfg = Release|Any CPU
		{9D99E048-503C-4ADC-A1EE-975F8A75C1E5}.Release|Any CPU.Build.0 = Release|Any CPU
		{3F9FD0D2-6B00-441A-A0CD-46B28D58563D}.Debug|Any CPU.ActiveCfg = Debug|Any CPU
		{3F9FD0D2-6B00-441A-A0CD-46B28D58563D}.Debug|Any CPU.Build.0 = Debug|Any CPU
		{3F9FD0D2-6B00-441A-A0CD-46B28D58563D}.Release|Any CPU.ActiveCfg = Release|Any CPU
		{3F9FD0D2-6B00-441A-A0CD-46B28D58563D}.Release|Any CPU.Build.0 = Release|Any CPU
		{6966C904-DC43-487A-956E-0A3A0D29F783}.Debug|Any CPU.ActiveCfg = Debug|Any CPU
		{6966C904-DC43-487A-956E-0A3A0D29F783}.Debug|Any CPU.Build.0 = Debug|Any CPU
		{6966C904-DC43-487A-956E-0A3A0D29F783}.Release|Any CPU.ActiveCfg = Release|Any CPU
		{6966C904-DC43-487A-956E-0A3A0D29F783}.Release|Any CPU.Build.0 = Release|Any CPU
		{31A27501-87A9-45FA-9C94-08E7A68FF26E}.Debug|Any CPU.ActiveCfg = Debug|Any CPU
		{31A27501-87A9-45FA-9C94-08E7A68FF26E}.Debug|Any CPU.Build.0 = Debug|Any CPU
		{31A27501-87A9-45FA-9C94-08E7A68FF26E}.Release|Any CPU.ActiveCfg = Release|Any CPU
		{31A27501-87A9-45FA-9C94-08E7A68FF26E}.Release|Any CPU.Build.0 = Release|Any CPU
	EndGlobalSection
	GlobalSection(SolutionProperties) = preSolution
		HideSolutionNode = FALSE
	EndGlobalSection
	GlobalSection(ExtensibilityGlobals) = postSolution
		SolutionGuid = {646535F5-A4EB-49E8-ABE3-BBC7B0C48AF1}
	EndGlobalSection
EndGlobal
